
Microsoft Visual Studio Solution File, Format Version 12.00
Project("{FAE04EC0-301F-11D3-BF4B-00C04F79EFBC}") = "Application", "src\Application\Application.csproj", "{2FAEB863-4E8A-4BD1-A7F2-35B5E66ED488}"
EndProject
Project("{FAE04EC0-301F-11D3-BF4B-00C04F79EFBC}") = "Domain", "src\Domain\Domain.csproj", "{2209B97C-5701-4A96-8CAE-9FAC16506766}"
EndProject
Project("{FAE04EC0-301F-11D3-BF4B-00C04F79EFBC}") = "Infrastructure", "src\Infrastructure\Infrastructure.csproj", "{7F1B0494-C97C-4556-BA38-82A1DFC3AA45}"
EndProject
Project("{FAE04EC0-301F-11D3-BF4B-00C04F79EFBC}") = "UpdateChecker", "src\UpdateChecker\UpdateChecker.csproj", "{492639BA-2871-4319-AE19-5436A997F0C4}"
EndProject
Global
	GlobalSection(SolutionConfigurationPlatforms) = preSolution
		Debug|Any CPU = Debug|Any CPU
		Release|Any CPU = Release|Any CPU
	EndGlobalSection
	GlobalSection(ProjectConfigurationPlatforms) = postSolution
		{2FAEB863-4E8A-4BD1-A7F2-35B5E66ED488}.Debug|Any CPU.ActiveCfg = Debug|Any CPU
		{2FAEB863-4E8A-4BD1-A7F2-35B5E66ED488}.Debug|Any CPU.Build.0 = Debug|Any CPU
		{2FAEB863-4E8A-4BD1-A7F2-35B5E66ED488}.Release|Any CPU.ActiveCfg = Release|Any CPU
		{2FAEB863-4E8A-4BD1-A7F2-35B5E66ED488}.Release|Any CPU.Build.0 = Release|Any CPU
		{2209B97C-5701-4A96-8CAE-9FAC16506766}.Debug|Any CPU.ActiveCfg = Debug|Any CPU
		{2209B97C-5701-4A96-8CAE-9FAC16506766}.Debug|Any CPU.Build.0 = Debug|Any CPU
		{2209B97C-5701-4A96-8CAE-9FAC16506766}.Release|Any CPU.ActiveCfg = Release|Any CPU
		{2209B97C-5701-4A96-8CAE-9FAC16506766}.Release|Any CPU.Build.0 = Release|Any CPU
		{7F1B0494-C97C-4556-BA38-82A1DFC3AA45}.Debug|Any CPU.ActiveCfg = Debug|Any CPU
		{7F1B0494-C97C-4556-BA38-82A1DFC3AA45}.Debug|Any CPU.Build.0 = Debug|Any CPU
		{7F1B0494-C97C-4556-BA38-82A1DFC3AA45}.Release|Any CPU.ActiveCfg = Release|Any CPU
		{7F1B0494-C97C-4556-BA38-82A1DFC3AA45}.Release|Any CPU.Build.0 = Release|Any CPU
		{492639BA-2871-4319-AE19-5436A997F0C4}.Debug|Any CPU.ActiveCfg = Debug|Any CPU
		{492639BA-2871-4319-AE19-5436A997F0C4}.Debug|Any CPU.Build.0 = Debug|Any CPU
		{492639BA-2871-4319-AE19-5436A997F0C4}.Release|Any CPU.ActiveCfg = Release|Any CPU
		{492639BA-2871-4319-AE19-5436A997F0C4}.Release|Any CPU.Build.0 = Release|Any CPU
	EndGlobalSection
	GlobalSection(NestedProjects) = preSolution
		{2209B97C-5701-4A96-8CAE-9FAC16506766} = {EE6AD231-0ED0-4823-AAF7-8E04BCBB4694}
		{2FAEB863-4E8A-4BD1-A7F2-35B5E66ED488} = {EE6AD231-0ED0-4823-AAF7-8E04BCBB4694}
		{7F1B0494-C97C-4556-BA38-82A1DFC3AA45} = {EE6AD231-0ED0-4823-AAF7-8E04BCBB4694}
		{492639BA-2871-4319-AE19-5436A997F0C4} = {EE6AD231-0ED0-4823-AAF7-8E04BCBB4694}
	EndGlobalSection
EndGlobal
